
Microsoft Visual Studio Solution File, Format Version 12.00
# Visual Studio 2012
Project("{FAE04EC0-301F-11D3-BF4B-00C04F79EFBC}") = "SortedResourcePane.Blend5", "SortedResourcePane.Blend5\SortedResourcePane.Blend5.csproj", "{8FEE5A92-B4C8-4D84-8BE8-D9F9C8CAA4AE}"
EndProject
Project("{FAE04EC0-301F-11D3-BF4B-00C04F79EFBC}") = "SortedResourcePane.Blend4", "SortedResourcePane.Blend4\SortedResourcePane.Blend4.csproj", "{07F5A1CD-1334-49C3-A06B-E9997818A8D9}"
EndProject
Global
	GlobalSection(SolutionConfigurationPlatforms) = preSolution
		Debug|Any CPU = Debug|Any CPU
		Debug|Mixed Platforms = Debug|Mixed Platforms
		Debug|x86 = Debug|x86
		Release|Any CPU = Release|Any CPU
		Release|Mixed Platforms = Release|Mixed Platforms
		Release|x86 = Release|x86
	EndGlobalSection
	GlobalSection(ProjectConfigurationPlatforms) = postSolution
		{8FEE5A92-B4C8-4D84-8BE8-D9F9C8CAA4AE}.Debug|Any CPU.ActiveCfg = Debug|x86
		{8FEE5A92-B4C8-4D84-8BE8-D9F9C8CAA4AE}.Debug|Mixed Platforms.ActiveCfg = Debug|x86
		{8FEE5A92-B4C8-4D84-8BE8-D9F9C8CAA4AE}.Debug|Mixed Platforms.Build.0 = Debug|x86
		{8FEE5A92-B4C8-4D84-8BE8-D9F9C8CAA4AE}.Debug|x86.ActiveCfg = Debug|x86
		{8FEE5A92-B4C8-4D84-8BE8-D9F9C8CAA4AE}.Debug|x86.Build.0 = Debug|x86
		{8FEE5A92-B4C8-4D84-8BE8-D9F9C8CAA4AE}.Release|Any CPU.ActiveCfg = Release|x86
		{8FEE5A92-B4C8-4D84-8BE8-D9F9C8CAA4AE}.Release|Mixed Platforms.ActiveCfg = Release|x86
		{8FEE5A92-B4C8-4D84-8BE8-D9F9C8CAA4AE}.Release|Mixed Platforms.Build.0 = Release|x86
		{8FEE5A92-B4C8-4D84-8BE8-D9F9C8CAA4AE}.Release|x86.ActiveCfg = Release|x86
		{8FEE5A92-B4C8-4D84-8BE8-D9F9C8CAA4AE}.Release|x86.Build.0 = Release|x86
		{07F5A1CD-1334-49C3-A06B-E9997818A8D9}.Debug|Any CPU.ActiveCfg = Debug|x86
		{07F5A1CD-1334-49C3-A06B-E9997818A8D9}.Debug|Mixed Platforms.ActiveCfg = Debug|x86
		{07F5A1CD-1334-49C3-A06B-E9997818A8D9}.Debug|Mixed Platforms.Build.0 = Debug|x86
		{07F5A1CD-1334-49C3-A06B-E9997818A8D9}.Debug|x86.ActiveCfg = Debug|x86
		{07F5A1CD-1334-49C3-A06B-E9997818A8D9}.Debug|x86.Build.0 = Debug|x86
		{07F5A1CD-1334-49C3-A06B-E9997818A8D9}.Release|Any CPU.ActiveCfg = Release|x86
		{07F5A1CD-1334-49C3-A06B-E9997818A8D9}.Release|Mixed Platforms.ActiveCfg = Release|x86
		{07F5A1CD-1334-49C3-A06B-E9997818A8D9}.Release|Mixed Platforms.Build.0 = Release|x86
		{07F5A1CD-1334-49C3-A06B-E9997818A8D9}.Release|x86.ActiveCfg = Release|x86
		{07F5A1CD-1334-49C3-A06B-E9997818A8D9}.Release|x86.Build.0 = Release|x86
	EndGlobalSection
	GlobalSection(SolutionProperties) = preSolution
		HideSolutionNode = FALSE
	EndGlobalSection
EndGlobal
